
Microsoft Visual Studio Solution File, Format Version 12.00
# Visual Studio Version 16
VisualStudioVersion = 16.0.30225.117
MinimumVisualStudioVersion = 10.0.40219.1
Project("{FAE04EC0-301F-11D3-BF4B-00C04F79EFBC}") = "CovidMonitorApi", "CovidMonitorApi\CovidMonitorApi.csproj", "{1FD61CF5-4EBE-4344-8C81-873A146BB364}"
EndProject
Project("{FAE04EC0-301F-11D3-BF4B-00C04F79EFBC}") = "PatientDataAccess", "PatientDataAccess\PatientDataAccess.csproj", "{29D6EB0D-EBF8-489E-8456-86F3099791AF}"
EndProject
Global
	GlobalSection(SolutionConfigurationPlatforms) = preSolution
		Debug|Any CPU = Debug|Any CPU
		Release|Any CPU = Release|Any CPU
	EndGlobalSection
	GlobalSection(ProjectConfigurationPlatforms) = postSolution
		{1FD61CF5-4EBE-4344-8C81-873A146BB364}.Debug|Any CPU.ActiveCfg = Debug|Any CPU
		{1FD61CF5-4EBE-4344-8C81-873A146BB364}.Debug|Any CPU.Build.0 = Debug|Any CPU
		{1FD61CF5-4EBE-4344-8C81-873A146BB364}.Release|Any CPU.ActiveCfg = Release|Any CPU
		{1FD61CF5-4EBE-4344-8C81-873A146BB364}.Release|Any CPU.Build.0 = Release|Any CPU
		{29D6EB0D-EBF8-489E-8456-86F3099791AF}.Debug|Any CPU.ActiveCfg = Debug|Any CPU
		{29D6EB0D-EBF8-489E-8456-86F3099791AF}.Debug|Any CPU.Build.0 = Debug|Any CPU
		{29D6EB0D-EBF8-489E-8456-86F3099791AF}.Release|Any CPU.ActiveCfg = Release|Any CPU
		{29D6EB0D-EBF8-489E-8456-86F3099791AF}.Release|Any CPU.Build.0 = Release|Any CPU
	EndGlobalSection
	GlobalSection(SolutionProperties) = preSolution
		HideSolutionNode = FALSE
	EndGlobalSection
	GlobalSection(ExtensibilityGlobals) = postSolution
		SolutionGuid = {EE5DA8B6-6EB2-47F4-B695-99313507F281}
	EndGlobalSection
EndGlobal
